
Microsoft Visual Studio Solution File, Format Version 12.00
# Visual Studio Version 17
VisualStudioVersion = 17.3.32819.101
MinimumVisualStudioVersion = 10.0.40219.1
Project("{FAE04EC0-301F-11D3-BF4B-00C04F79EFBC}") = "WeatherApp", "WeatherApp\WeatherApp.csproj", "{FBD492FC-B209-4815-BA37-1106C8C9D1F6}"
EndProject
Global
	GlobalSection(SolutionConfigurationPlatforms) = preSolution
		Debug|Any CPU = Debug|Any CPU
		Release|Any CPU = Release|Any CPU
	EndGlobalSection
	GlobalSection(ProjectConfigurationPlatforms) = postSolution
		{FBD492FC-B209-4815-BA37-1106C8C9D1F6}.Debug|Any CPU.ActiveCfg = Debug|Any CPU
		{FBD492FC-B209-4815-BA37-1106C8C9D1F6}.Debug|Any CPU.Build.0 = Debug|Any CPU
		{FBD492FC-B209-4815-BA37-1106C8C9D1F6}.Release|Any CPU.ActiveCfg = Release|Any CPU
		{FBD492FC-B209-4815-BA37-1106C8C9D1F6}.Release|Any CPU.Build.0 = Release|Any CPU
	EndGlobalSection
	GlobalSection(SolutionProperties) = preSolution
		HideSolutionNode = FALSE
	EndGlobalSection
	GlobalSection(ExtensibilityGlobals) = postSolution
		SolutionGuid = {DAE0B863-99FF-4E80-9021-A6ECA6933EDC}
	EndGlobalSection
EndGlobal
